
Microsoft Visual Studio Solution File, Format Version 12.00
# Visual Studio Version 16
VisualStudioVersion = 16.0.31019.35
MinimumVisualStudioVersion = 10.0.40219.1
Project("{FAE04EC0-301F-11D3-BF4B-00C04F79EFBC}") = "MoreArrays", "MoreArrays\MoreArrays.csproj", "{98754E91-5DFC-4A83-BADA-7E41A3D73BA2}"
EndProject
Global
	GlobalSection(SolutionConfigurationPlatforms) = preSolution
		Debug|Any CPU = Debug|Any CPU
		Release|Any CPU = Release|Any CPU
	EndGlobalSection
	GlobalSection(ProjectConfigurationPlatforms) = postSolution
		{98754E91-5DFC-4A83-BADA-7E41A3D73BA2}.Debug|Any CPU.ActiveCfg = Debug|Any CPU
		{98754E91-5DFC-4A83-BADA-7E41A3D73BA2}.Debug|Any CPU.Build.0 = Debug|Any CPU
		{98754E91-5DFC-4A83-BADA-7E41A3D73BA2}.Release|Any CPU.ActiveCfg = Release|Any CPU
		{98754E91-5DFC-4A83-BADA-7E41A3D73BA2}.Release|Any CPU.Build.0 = Release|Any CPU
	EndGlobalSection
	GlobalSection(SolutionProperties) = preSolution
		HideSolutionNode = FALSE
	EndGlobalSection
	GlobalSection(ExtensibilityGlobals) = postSolution
		SolutionGuid = {3CD2668C-07B0-4BFA-9F84-F98ADA829EC7}
	EndGlobalSection
EndGlobal
