
Microsoft Visual Studio Solution File, Format Version 12.00
# Visual Studio Version 16
VisualStudioVersion = 16.0.31129.286
MinimumVisualStudioVersion = 10.0.40219.1
Project("{FAE04EC0-301F-11D3-BF4B-00C04F79EFBC}") = "ObjectsInObjects", "ObjectsInObjects\ObjectsInObjects.csproj", "{C439FB2E-0DDE-43D5-A3BE-668F0D62EB59}"
EndProject
Global
	GlobalSection(SolutionConfigurationPlatforms) = preSolution
		Debug|Any CPU = Debug|Any CPU
		Release|Any CPU = Release|Any CPU
	EndGlobalSection
	GlobalSection(ProjectConfigurationPlatforms) = postSolution
		{C439FB2E-0DDE-43D5-A3BE-668F0D62EB59}.Debug|Any CPU.ActiveCfg = Debug|Any CPU
		{C439FB2E-0DDE-43D5-A3BE-668F0D62EB59}.Debug|Any CPU.Build.0 = Debug|Any CPU
		{C439FB2E-0DDE-43D5-A3BE-668F0D62EB59}.Release|Any CPU.ActiveCfg = Release|Any CPU
		{C439FB2E-0DDE-43D5-A3BE-668F0D62EB59}.Release|Any CPU.Build.0 = Release|Any CPU
	EndGlobalSection
	GlobalSection(SolutionProperties) = preSolution
		HideSolutionNode = FALSE
	EndGlobalSection
	GlobalSection(ExtensibilityGlobals) = postSolution
		SolutionGuid = {149D1579-F263-4605-8FA9-AD40A3DACDB9}
	EndGlobalSection
EndGlobal
