
Microsoft Visual Studio Solution File, Format Version 12.00
# Visual Studio Version 16
VisualStudioVersion = 16.0.30907.101
MinimumVisualStudioVersion = 10.0.40219.1
Project("{FAE04EC0-301F-11D3-BF4B-00C04F79EFBC}") = "PuzzleHunters", "PuzzleHunters\PuzzleHunters.csproj", "{6548A3CD-7F2B-4E3A-A72D-8A7B92EB6622}"
EndProject
Project("{FAE04EC0-301F-11D3-BF4B-00C04F79EFBC}") = "WingsHeaven", "WingsHeaven\WingsHeaven.csproj", "{40056B3D-CC3D-4BB1-A020-D74661C4025B}"
EndProject
Global
	GlobalSection(SolutionConfigurationPlatforms) = preSolution
		Debug|Any CPU = Debug|Any CPU
		Release|Any CPU = Release|Any CPU
	EndGlobalSection
	GlobalSection(ProjectConfigurationPlatforms) = postSolution
		{6548A3CD-7F2B-4E3A-A72D-8A7B92EB6622}.Debug|Any CPU.ActiveCfg = Debug|Any CPU
		{6548A3CD-7F2B-4E3A-A72D-8A7B92EB6622}.Debug|Any CPU.Build.0 = Debug|Any CPU
		{6548A3CD-7F2B-4E3A-A72D-8A7B92EB6622}.Release|Any CPU.ActiveCfg = Release|Any CPU
		{6548A3CD-7F2B-4E3A-A72D-8A7B92EB6622}.Release|Any CPU.Build.0 = Release|Any CPU
		{40056B3D-CC3D-4BB1-A020-D74661C4025B}.Debug|Any CPU.ActiveCfg = Debug|Any CPU
		{40056B3D-CC3D-4BB1-A020-D74661C4025B}.Debug|Any CPU.Build.0 = Debug|Any CPU
		{40056B3D-CC3D-4BB1-A020-D74661C4025B}.Release|Any CPU.ActiveCfg = Release|Any CPU
		{40056B3D-CC3D-4BB1-A020-D74661C4025B}.Release|Any CPU.Build.0 = Release|Any CPU
	EndGlobalSection
	GlobalSection(SolutionProperties) = preSolution
		HideSolutionNode = FALSE
	EndGlobalSection
	GlobalSection(ExtensibilityGlobals) = postSolution
		SolutionGuid = {29F7949C-3529-49C8-9CB5-C913BDE4BBBA}
	EndGlobalSection
EndGlobal
