
Microsoft Visual Studio Solution File, Format Version 12.00
# Visual Studio Version 16
VisualStudioVersion = 16.0.31129.286
MinimumVisualStudioVersion = 10.0.40219.1
Project("{9A19103F-16F7-4668-BE54-9A1E7A4F7556}") = "DateTimeAndEnumDemo", "DateTimeAndEnumDemo\DateTimeAndEnumDemo.csproj", "{78A5C5B0-84FA-44C6-B674-D0F5DB671EEE}"
EndProject
Project("{FAE04EC0-301F-11D3-BF4B-00C04F79EFBC}") = "Enumerations", "Enumerations\Enumerations.csproj", "{102D0585-5641-4D80-8433-F1F08164EA72}"
EndProject
Global
	GlobalSection(SolutionConfigurationPlatforms) = preSolution
		Debug|Any CPU = Debug|Any CPU
		Release|Any CPU = Release|Any CPU
	EndGlobalSection
	GlobalSection(ProjectConfigurationPlatforms) = postSolution
		{78A5C5B0-84FA-44C6-B674-D0F5DB671EEE}.Debug|Any CPU.ActiveCfg = Debug|Any CPU
		{78A5C5B0-84FA-44C6-B674-D0F5DB671EEE}.Debug|Any CPU.Build.0 = Debug|Any CPU
		{78A5C5B0-84FA-44C6-B674-D0F5DB671EEE}.Release|Any CPU.ActiveCfg = Release|Any CPU
		{78A5C5B0-84FA-44C6-B674-D0F5DB671EEE}.Release|Any CPU.Build.0 = Release|Any CPU
		{102D0585-5641-4D80-8433-F1F08164EA72}.Debug|Any CPU.ActiveCfg = Debug|Any CPU
		{102D0585-5641-4D80-8433-F1F08164EA72}.Debug|Any CPU.Build.0 = Debug|Any CPU
		{102D0585-5641-4D80-8433-F1F08164EA72}.Release|Any CPU.ActiveCfg = Release|Any CPU
		{102D0585-5641-4D80-8433-F1F08164EA72}.Release|Any CPU.Build.0 = Release|Any CPU
	EndGlobalSection
	GlobalSection(SolutionProperties) = preSolution
		HideSolutionNode = FALSE
	EndGlobalSection
	GlobalSection(ExtensibilityGlobals) = postSolution
		SolutionGuid = {35B7B660-6273-4542-B417-88B8F586F2BC}
	EndGlobalSection
EndGlobal
