
Microsoft Visual Studio Solution File, Format Version 12.00
# Visual Studio Version 16
VisualStudioVersion = 16.0.30804.86
MinimumVisualStudioVersion = 10.0.40219.1
Project("{FAE04EC0-301F-11D3-BF4B-00C04F79EFBC}") = "HelloWorld", "HelloWorld\HelloWorld.csproj", "{B64ECBF6-AF94-4C55-9A81-069CC0A19EFF}"
EndProject
Global
	GlobalSection(SolutionConfigurationPlatforms) = preSolution
		Debug|Any CPU = Debug|Any CPU
		Release|Any CPU = Release|Any CPU
	EndGlobalSection
	GlobalSection(ProjectConfigurationPlatforms) = postSolution
		{B64ECBF6-AF94-4C55-9A81-069CC0A19EFF}.Debug|Any CPU.ActiveCfg = Debug|Any CPU
		{B64ECBF6-AF94-4C55-9A81-069CC0A19EFF}.Debug|Any CPU.Build.0 = Debug|Any CPU
		{B64ECBF6-AF94-4C55-9A81-069CC0A19EFF}.Release|Any CPU.ActiveCfg = Release|Any CPU
		{B64ECBF6-AF94-4C55-9A81-069CC0A19EFF}.Release|Any CPU.Build.0 = Release|Any CPU
	EndGlobalSection
	GlobalSection(SolutionProperties) = preSolution
		HideSolutionNode = FALSE
	EndGlobalSection
	GlobalSection(ExtensibilityGlobals) = postSolution
		SolutionGuid = {928E5956-70C5-4E3B-82CB-E5229B6BA72A}
	EndGlobalSection
EndGlobal
