
Microsoft Visual Studio Solution File, Format Version 12.00
# Visual Studio Version 16
VisualStudioVersion = 16.0.31129.286
MinimumVisualStudioVersion = 10.0.40219.1
Project("{FAE04EC0-301F-11D3-BF4B-00C04F79EFBC}") = "WriteCSVFiles", "WriteCSVFiles\WriteCSVFiles.csproj", "{AFF41B30-13ED-4B76-95AD-8FEDDFCE2FC8}"
EndProject
Project("{FAE04EC0-301F-11D3-BF4B-00C04F79EFBC}") = "ReadCSVFile", "ReadCSVFile\ReadCSVFile.csproj", "{8333A4B5-01CB-4D43-BA1D-5452D007CB25}"
EndProject
Global
	GlobalSection(SolutionConfigurationPlatforms) = preSolution
		Debug|Any CPU = Debug|Any CPU
		Release|Any CPU = Release|Any CPU
	EndGlobalSection
	GlobalSection(ProjectConfigurationPlatforms) = postSolution
		{AFF41B30-13ED-4B76-95AD-8FEDDFCE2FC8}.Debug|Any CPU.ActiveCfg = Debug|Any CPU
		{AFF41B30-13ED-4B76-95AD-8FEDDFCE2FC8}.Debug|Any CPU.Build.0 = Debug|Any CPU
		{AFF41B30-13ED-4B76-95AD-8FEDDFCE2FC8}.Release|Any CPU.ActiveCfg = Release|Any CPU
		{AFF41B30-13ED-4B76-95AD-8FEDDFCE2FC8}.Release|Any CPU.Build.0 = Release|Any CPU
		{8333A4B5-01CB-4D43-BA1D-5452D007CB25}.Debug|Any CPU.ActiveCfg = Debug|Any CPU
		{8333A4B5-01CB-4D43-BA1D-5452D007CB25}.Debug|Any CPU.Build.0 = Debug|Any CPU
		{8333A4B5-01CB-4D43-BA1D-5452D007CB25}.Release|Any CPU.ActiveCfg = Release|Any CPU
		{8333A4B5-01CB-4D43-BA1D-5452D007CB25}.Release|Any CPU.Build.0 = Release|Any CPU
	EndGlobalSection
	GlobalSection(SolutionProperties) = preSolution
		HideSolutionNode = FALSE
	EndGlobalSection
	GlobalSection(ExtensibilityGlobals) = postSolution
		SolutionGuid = {F6176874-3947-43F0-B72A-FF25F8333D85}
	EndGlobalSection
EndGlobal
