
Microsoft Visual Studio Solution File, Format Version 12.00
# Visual Studio Version 16
VisualStudioVersion = 16.0.31019.35
MinimumVisualStudioVersion = 10.0.40219.1
Project("{FAE04EC0-301F-11D3-BF4B-00C04F79EFBC}") = "Strings", "Strings\Strings.csproj", "{6181A401-185A-4718-BEA9-0CC7B644994E}"
EndProject
Global
	GlobalSection(SolutionConfigurationPlatforms) = preSolution
		Debug|Any CPU = Debug|Any CPU
		Release|Any CPU = Release|Any CPU
	EndGlobalSection
	GlobalSection(ProjectConfigurationPlatforms) = postSolution
		{6181A401-185A-4718-BEA9-0CC7B644994E}.Debug|Any CPU.ActiveCfg = Debug|Any CPU
		{6181A401-185A-4718-BEA9-0CC7B644994E}.Debug|Any CPU.Build.0 = Debug|Any CPU
		{6181A401-185A-4718-BEA9-0CC7B644994E}.Release|Any CPU.ActiveCfg = Release|Any CPU
		{6181A401-185A-4718-BEA9-0CC7B644994E}.Release|Any CPU.Build.0 = Release|Any CPU
	EndGlobalSection
	GlobalSection(SolutionProperties) = preSolution
		HideSolutionNode = FALSE
	EndGlobalSection
	GlobalSection(ExtensibilityGlobals) = postSolution
		SolutionGuid = {C332EEF8-D30C-47D8-A2D6-8B237F42EE98}
	EndGlobalSection
EndGlobal
