
Microsoft Visual Studio Solution File, Format Version 12.00
# Visual Studio Version 16
VisualStudioVersion = 16.0.31129.286
MinimumVisualStudioVersion = 10.0.40219.1
Project("{FAE04EC0-301F-11D3-BF4B-00C04F79EFBC}") = "TurnerCarSales", "TurnerCarSales\TurnerCarSales.csproj", "{FBE79122-F2ED-4088-8763-2AA09F992919}"
EndProject
Project("{FAE04EC0-301F-11D3-BF4B-00C04F79EFBC}") = "DiningCommonsStatistics", "DiningCommonsStatistics\DiningCommonsStatistics.csproj", "{F8520520-07FF-4CD3-8875-963DA4DCF565}"
EndProject
Global
	GlobalSection(SolutionConfigurationPlatforms) = preSolution
		Debug|Any CPU = Debug|Any CPU
		Release|Any CPU = Release|Any CPU
	EndGlobalSection
	GlobalSection(ProjectConfigurationPlatforms) = postSolution
		{FBE79122-F2ED-4088-8763-2AA09F992919}.Debug|Any CPU.ActiveCfg = Debug|Any CPU
		{FBE79122-F2ED-4088-8763-2AA09F992919}.Debug|Any CPU.Build.0 = Debug|Any CPU
		{FBE79122-F2ED-4088-8763-2AA09F992919}.Release|Any CPU.ActiveCfg = Release|Any CPU
		{FBE79122-F2ED-4088-8763-2AA09F992919}.Release|Any CPU.Build.0 = Release|Any CPU
		{F8520520-07FF-4CD3-8875-963DA4DCF565}.Debug|Any CPU.ActiveCfg = Debug|Any CPU
		{F8520520-07FF-4CD3-8875-963DA4DCF565}.Debug|Any CPU.Build.0 = Debug|Any CPU
		{F8520520-07FF-4CD3-8875-963DA4DCF565}.Release|Any CPU.ActiveCfg = Release|Any CPU
		{F8520520-07FF-4CD3-8875-963DA4DCF565}.Release|Any CPU.Build.0 = Release|Any CPU
	EndGlobalSection
	GlobalSection(SolutionProperties) = preSolution
		HideSolutionNode = FALSE
	EndGlobalSection
	GlobalSection(ExtensibilityGlobals) = postSolution
		SolutionGuid = {DB10BB79-CEC6-4F9E-8101-45C9B9DB238C}
	EndGlobalSection
EndGlobal
